
Microsoft Visual Studio Solution File, Format Version 12.00
# Visual Studio Version 17
VisualStudioVersion = 17.4.33110.190
MinimumVisualStudioVersion = 10.0.40219.1
Project("{9A19103F-16F7-4668-BE54-9A1E7A4F7556}") = "ApiCountryDataCollector", "ApiCountryDataCollector.csproj", "{BFCA415A-BD73-477D-8009-21ADD7BA10BC}"
EndProject
Global
	GlobalSection(SolutionConfigurationPlatforms) = preSolution
		Debug|Any CPU = Debug|Any CPU
		Release|Any CPU = Release|Any CPU
	EndGlobalSection
	GlobalSection(ProjectConfigurationPlatforms) = postSolution
		{BFCA415A-BD73-477D-8009-21ADD7BA10BC}.Debug|Any CPU.ActiveCfg = Debug|Any CPU
		{BFCA415A-BD73-477D-8009-21ADD7BA10BC}.Debug|Any CPU.Build.0 = Debug|Any CPU
		{BFCA415A-BD73-477D-8009-21ADD7BA10BC}.Release|Any CPU.ActiveCfg = Release|Any CPU
		{BFCA415A-BD73-477D-8009-21ADD7BA10BC}.Release|Any CPU.Build.0 = Release|Any CPU
	EndGlobalSection
	GlobalSection(SolutionProperties) = preSolution
		HideSolutionNode = FALSE
	EndGlobalSection
	GlobalSection(ExtensibilityGlobals) = postSolution
		SolutionGuid = {B1F1F194-AD21-4630-827C-E843999D3354}
	EndGlobalSection
EndGlobal
